// !$*UTF8*$!
{
	archiveVersion = 1;
	classes = {
	};
	objectVersion = 48;
	objects = {

/* Begin PBXBuildFile section */
		77BDB541A1C8C340B4D29EAC /* Pods_DriveBack.framework in Frameworks */ = {isa = PBXBuildFile; fileRef = 7374389FCFFE7BA5F2C321BF /* Pods_DriveBack.framework */; };
		8F20132B2064650D00F8BE64 /* SegueFromRight.swift in Sources */ = {isa = PBXBuildFile; fileRef = 8F20132A2064650D00F8BE64 /* SegueFromRight.swift */; };
		8F20132D2064A43C00F8BE64 /* Register.swift in Sources */ = {isa = PBXBuildFile; fileRef = 8F20132C2064A43C00F8BE64 /* Register.swift */; };
		8F2013312064AC0100F8BE64 /* RegisterTextField.swift in Sources */ = {isa = PBXBuildFile; fileRef = 8F2013302064AC0100F8BE64 /* RegisterTextField.swift */; };
		8F7025FE2061C48C00C25AEB /* AppDelegate.swift in Sources */ = {isa = PBXBuildFile; fileRef = 8F7025FD2061C48C00C25AEB /* AppDelegate.swift */; };
		8F7026002061C48C00C25AEB /* Intro.swift in Sources */ = {isa = PBXBuildFile; fileRef = 8F7025FF2061C48C00C25AEB /* Intro.swift */; };
		8F7026032061C48C00C25AEB /* Main.storyboard in Resources */ = {isa = PBXBuildFile; fileRef = 8F7026012061C48C00C25AEB /* Main.storyboard */; };
		8F7026052061C48C00C25AEB /* Assets.xcassets in Resources */ = {isa = PBXBuildFile; fileRef = 8F7026042061C48C00C25AEB /* Assets.xcassets */; };
		8F7026082061C48C00C25AEB /* LaunchScreen.storyboard in Resources */ = {isa = PBXBuildFile; fileRef = 8F7026062061C48C00C25AEB /* LaunchScreen.storyboard */; };
		8F7026102062011E00C25AEB /* SignIn.swift in Sources */ = {isa = PBXBuildFile; fileRef = 8F70260F2062011E00C25AEB /* SignIn.swift */; };
		8FB924812063465F00E5BC6F /* GoogleService-Info.plist in Resources */ = {isa = PBXBuildFile; fileRef = 8FB924802063465F00E5BC6F /* GoogleService-Info.plist */; };
/* End PBXBuildFile section */

/* Begin PBXFileReference section */
		7374389FCFFE7BA5F2C321BF /* Pods_DriveBack.framework */ = {isa = PBXFileReference; explicitFileType = wrapper.framework; includeInIndex = 0; path = Pods_DriveBack.framework; sourceTree = BUILT_PRODUCTS_DIR; };
		8F20132A2064650D00F8BE64 /* SegueFromRight.swift */ = {isa = PBXFileReference; lastKnownFileType = sourcecode.swift; path = SegueFromRight.swift; sourceTree = "<group>"; };
		8F20132C2064A43C00F8BE64 /* Register.swift */ = {isa = PBXFileReference; lastKnownFileType = sourcecode.swift; path = Register.swift; sourceTree = "<group>"; };
		8F2013302064AC0100F8BE64 /* RegisterTextField.swift */ = {isa = PBXFileReference; lastKnownFileType = sourcecode.swift; path = RegisterTextField.swift; sourceTree = "<group>"; };
		8F7025FA2061C48C00C25AEB /* DriveBack.app */ = {isa = PBXFileReference; explicitFileType = wrapper.application; includeInIndex = 0; path = DriveBack.app; sourceTree = BUILT_PRODUCTS_DIR; };
		8F7025FD2061C48C00C25AEB /* AppDelegate.swift */ = {isa = PBXFileReference; lastKnownFileType = sourcecode.swift; path = AppDelegate.swift; sourceTree = "<group>"; };
		8F7025FF2061C48C00C25AEB /* Intro.swift */ = {isa = PBXFileReference; lastKnownFileType = sourcecode.swift; path = Intro.swift; sourceTree = "<group>"; };
		8F7026022061C48C00C25AEB /* Base */ = {isa = PBXFileReference; lastKnownFileType = file.storyboard; name = Base; path = Base.lproj/Main.storyboard; sourceTree = "<group>"; };
		8F7026042061C48C00C25AEB /* Assets.xcassets */ = {isa = PBXFileReference; lastKnownFileType = folder.assetcatalog; path = Assets.xcassets; sourceTree = "<group>"; };
		8F7026072061C48C00C25AEB /* Base */ = {isa = PBXFileReference; lastKnownFileType = file.storyboard; name = Base; path = Base.lproj/LaunchScreen.storyboard; sourceTree = "<group>"; };
		8F7026092061C48C00C25AEB /* Info.plist */ = {isa = PBXFileReference; lastKnownFileType = text.plist.xml; path = Info.plist; sourceTree = "<group>"; };
		8F70260F2062011E00C25AEB /* SignIn.swift */ = {isa = PBXFileReference; lastKnownFileType = sourcecode.swift; path = SignIn.swift; sourceTree = "<group>"; };
		8FB924802063465F00E5BC6F /* GoogleService-Info.plist */ = {isa = PBXFileReference; fileEncoding = 4; lastKnownFileType = text.plist.xml; path = "GoogleService-Info.plist"; sourceTree = "<group>"; };
		9F60DEBE26403A7DAF48AD28 /* Pods-DriveBack.release.xcconfig */ = {isa = PBXFileReference; includeInIndex = 1; lastKnownFileType = text.xcconfig; name = "Pods-DriveBack.release.xcconfig"; path = "Pods/Target Support Files/Pods-DriveBack/Pods-DriveBack.release.xcconfig"; sourceTree = "<group>"; };
		E4906A050C7AA18E8732E9D2 /* Pods-DriveBack.debug.xcconfig */ = {isa = PBXFileReference; includeInIndex = 1; lastKnownFileType = text.xcconfig; name = "Pods-DriveBack.debug.xcconfig"; path = "Pods/Target Support Files/Pods-DriveBack/Pods-DriveBack.debug.xcconfig"; sourceTree = "<group>"; };
/* End PBXFileReference section */

/* Begin PBXFrameworksBuildPhase section */
		8F7025F72061C48C00C25AEB /* Frameworks */ = {
			isa = PBXFrameworksBuildPhase;
			buildActionMask = 2147483647;
			files = (
				77BDB541A1C8C340B4D29EAC /* Pods_DriveBack.framework in Frameworks */,
			);
			runOnlyForDeploymentPostprocessing = 0;
		};
/* End PBXFrameworksBuildPhase section */

/* Begin PBXGroup section */
		8480E2CF108E2EA7AF4E95CA /* Pods */ = {
			isa = PBXGroup;
			children = (
				E4906A050C7AA18E8732E9D2 /* Pods-DriveBack.debug.xcconfig */,
				9F60DEBE26403A7DAF48AD28 /* Pods-DriveBack.release.xcconfig */,
			);
			name = Pods;
			sourceTree = "<group>";
		};
		8F7025F12061C48C00C25AEB = {
			isa = PBXGroup;
			children = (
				8F7025FC2061C48C00C25AEB /* DriveBack */,
				8F7025FB2061C48C00C25AEB /* Products */,
				8480E2CF108E2EA7AF4E95CA /* Pods */,
				D01C9C4C318C6DAFD8CCFE78 /* Frameworks */,
			);
			sourceTree = "<group>";
		};
		8F7025FB2061C48C00C25AEB /* Products */ = {
			isa = PBXGroup;
			children = (
				8F7025FA2061C48C00C25AEB /* DriveBack.app */,
			);
			name = Products;
			sourceTree = "<group>";
		};
		8F7025FC2061C48C00C25AEB /* DriveBack */ = {
			isa = PBXGroup;
			children = (
				8F7025FD2061C48C00C25AEB /* AppDelegate.swift */,
				8F7025FF2061C48C00C25AEB /* Intro.swift */,
				8F70260F2062011E00C25AEB /* SignIn.swift */,
				8F20132A2064650D00F8BE64 /* SegueFromRight.swift */,
				8F20132C2064A43C00F8BE64 /* Register.swift */,
				8F2013302064AC0100F8BE64 /* RegisterTextField.swift */,
				8F7026012061C48C00C25AEB /* Main.storyboard */,
				8F7026042061C48C00C25AEB /* Assets.xcassets */,
				8F7026062061C48C00C25AEB /* LaunchScreen.storyboard */,
				8F7026092061C48C00C25AEB /* Info.plist */,
				8FB924802063465F00E5BC6F /* GoogleService-Info.plist */,
			);
			path = DriveBack;
			sourceTree = "<group>";
		};
		D01C9C4C318C6DAFD8CCFE78 /* Frameworks */ = {
			isa = PBXGroup;
			children = (
				7374389FCFFE7BA5F2C321BF /* Pods_DriveBack.framework */,
			);
			name = Frameworks;
			sourceTree = "<group>";
		};
/* End PBXGroup section */

/* Begin PBXNativeTarget section */
		8F7025F92061C48C00C25AEB /* DriveBack */ = {
			isa = PBXNativeTarget;
			buildConfigurationList = 8F70260C2061C48C00C25AEB /* Build configuration list for PBXNativeTarget "DriveBack" */;
			buildPhases = (
				56CC35E5FC54745A94387083 /* [CP] Check Pods Manifest.lock */,
				8F7025F62061C48C00C25AEB /* Sources */,
				8F7025F72061C48C00C25AEB /* Frameworks */,
				8F7025F82061C48C00C25AEB /* Resources */,
				0E431D11854DDB8BB0980E5E /* [CP] Embed Pods Frameworks */,
				42B155D936A8B690CF4692A5 /* [CP] Copy Pods Resources */,
			);
			buildRules = (
			);
			dependencies = (
			);
			name = DriveBack;
			productName = DriveBack;
			productReference = 8F7025FA2061C48C00C25AEB /* DriveBack.app */;
			productType = "com.apple.product-type.application";
		};
/* End PBXNativeTarget section */

/* Begin PBXProject section */
		8F7025F22061C48C00C25AEB /* Project object */ = {
			isa = PBXProject;
			attributes = {
				LastSwiftUpdateCheck = 0920;
				LastUpgradeCheck = 0920;
				ORGANIZATIONNAME = "Mufeez Amjad";
				TargetAttributes = {
					8F7025F92061C48C00C25AEB = {
						CreatedOnToolsVersion = 9.2;
						ProvisioningStyle = Automatic;
					};
				};
			};
			buildConfigurationList = 8F7025F52061C48C00C25AEB /* Build configuration list for PBXProject "DriveBack" */;
			compatibilityVersion = "Xcode 8.0";
			developmentRegion = en;
			hasScannedForEncodings = 0;
			knownRegions = (
				en,
				Base,
			);
			mainGroup = 8F7025F12061C48C00C25AEB;
			productRefGroup = 8F7025FB2061C48C00C25AEB /* Products */;
			projectDirPath = "";
			projectRoot = "";
			targets = (
				8F7025F92061C48C00C25AEB /* DriveBack */,
			);
		};
/* End PBXProject section */

/* Begin PBXResourcesBuildPhase section */
		8F7025F82061C48C00C25AEB /* Resources */ = {
			isa = PBXResourcesBuildPhase;
			buildActionMask = 2147483647;
			files = (
				8F7026082061C48C00C25AEB /* LaunchScreen.storyboard in Resources */,
				8F7026052061C48C00C25AEB /* Assets.xcassets in Resources */,
				8FB924812063465F00E5BC6F /* GoogleService-Info.plist in Resources */,
				8F7026032061C48C00C25AEB /* Main.storyboard in Resources */,
			);
			runOnlyForDeploymentPostprocessing = 0;
		};
/* End PBXResourcesBuildPhase section */

/* Begin PBXShellScriptBuildPhase section */
		0E431D11854DDB8BB0980E5E /* [CP] Embed Pods Frameworks */ = {
			isa = PBXShellScriptBuildPhase;
			buildActionMask = 2147483647;
			files = (
			);
			inputPaths = (
				"${SRCROOT}/Pods/Target Support Files/Pods-DriveBack/Pods-DriveBack-frameworks.sh",
				"${BUILT_PRODUCTS_DIR}/BoringSSL/openssl.framework",
				"${BUILT_PRODUCTS_DIR}/GTMSessionFetcher/GTMSessionFetcher.framework",
				"${BUILT_PRODUCTS_DIR}/GoogleToolboxForMac/GoogleToolboxForMac.framework",
				"${BUILT_PRODUCTS_DIR}/Protobuf/Protobuf.framework",
				"${BUILT_PRODUCTS_DIR}/gRPC/GRPCClient.framework",
				"${BUILT_PRODUCTS_DIR}/gRPC-Core/grpc.framework",
				"${BUILT_PRODUCTS_DIR}/gRPC-ProtoRPC/ProtoRPC.framework",
				"${BUILT_PRODUCTS_DIR}/gRPC-RxLibrary/RxLibrary.framework",
				"${BUILT_PRODUCTS_DIR}/leveldb-library/leveldb.framework",
				"${BUILT_PRODUCTS_DIR}/nanopb/nanopb.framework",
			);
			name = "[CP] Embed Pods Frameworks";
			outputPaths = (
				"${TARGET_BUILD_DIR}/${FRAMEWORKS_FOLDER_PATH}/openssl.framework",
				"${TARGET_BUILD_DIR}/${FRAMEWORKS_FOLDER_PATH}/GTMSessionFetcher.framework",
				"${TARGET_BUILD_DIR}/${FRAMEWORKS_FOLDER_PATH}/GoogleToolboxForMac.framework",
				"${TARGET_BUILD_DIR}/${FRAMEWORKS_FOLDER_PATH}/Protobuf.framework",
				"${TARGET_BUILD_DIR}/${FRAMEWORKS_FOLDER_PATH}/GRPCClient.framework",
				"${TARGET_BUILD_DIR}/${FRAMEWORKS_FOLDER_PATH}/grpc.framework",
				"${TARGET_BUILD_DIR}/${FRAMEWORKS_FOLDER_PATH}/ProtoRPC.framework",
				"${TARGET_BUILD_DIR}/${FRAMEWORKS_FOLDER_PATH}/RxLibrary.framework",
				"${TARGET_BUILD_DIR}/${FRAMEWORKS_FOLDER_PATH}/leveldb.framework",
				"${TARGET_BUILD_DIR}/${FRAMEWORKS_FOLDER_PATH}/nanopb.framework",
			);
			runOnlyForDeploymentPostprocessing = 0;
			shellPath = /bin/sh;
			shellScript = "\"${SRCROOT}/Pods/Target Support Files/Pods-DriveBack/Pods-DriveBack-frameworks.sh\"\n";
			showEnvVarsInLog = 0;
		};
		42B155D936A8B690CF4692A5 /* [CP] Copy Pods Resources */ = {
			isa = PBXShellScriptBuildPhase;
			buildActionMask = 2147483647;
			files = (
			);
			inputPaths = (
			);
			name = "[CP] Copy Pods Resources";
			outputPaths = (
			);
			runOnlyForDeploymentPostprocessing = 0;
			shellPath = /bin/sh;
			shellScript = "\"${SRCROOT}/Pods/Target Support Files/Pods-DriveBack/Pods-DriveBack-resources.sh\"\n";
			showEnvVarsInLog = 0;
		};
		56CC35E5FC54745A94387083 /* [CP] Check Pods Manifest.lock */ = {
			isa = PBXShellScriptBuildPhase;
			buildActionMask = 2147483647;
			files = (
			);
			inputPaths = (
				"${PODS_PODFILE_DIR_PATH}/Podfile.lock",
				"${PODS_ROOT}/Manifest.lock",
			);
			name = "[CP] Check Pods Manifest.lock";
			outputPaths = (
				"$(DERIVED_FILE_DIR)/Pods-DriveBack-checkManifestLockResult.txt",
			);
			runOnlyForDeploymentPostprocessing = 0;
			shellPath = /bin/sh;
			shellScript = "diff \"${PODS_PODFILE_DIR_PATH}/Podfile.lock\" \"${PODS_ROOT}/Manifest.lock\" > /dev/null\nif [ $? != 0 ] ; then\n    # print error to STDERR\n    echo \"error: The sandbox is not in sync with the Podfile.lock. Run 'pod install' or update your CocoaPods installation.\" >&2\n    exit 1\nfi\n# This output is used by Xcode 'outputs' to avoid re-running this script phase.\necho \"SUCCESS\" > \"${SCRIPT_OUTPUT_FILE_0}\"\n";
			showEnvVarsInLog = 0;
		};
/* End PBXShellScriptBuildPhase section */

/* Begin PBXSourcesBuildPhase section */
		8F7025F62061C48C00C25AEB /* Sources */ = {
			isa = PBXSourcesBuildPhase;
			buildActionMask = 2147483647;
			files = (
				8F7026002061C48C00C25AEB /* Intro.swift in Sources */,
				8F7026102062011E00C25AEB /* SignIn.swift in Sources */,
				8F2013312064AC0100F8BE64 /* RegisterTextField.swift in Sources */,
				8F20132B2064650D00F8BE64 /* SegueFromRight.swift in Sources */,
				8F7025FE2061C48C00C25AEB /* AppDelegate.swift in Sources */,
				8F20132D2064A43C00F8BE64 /* Register.swift in Sources */,
			);
			runOnlyForDeploymentPostprocessing = 0;
		};
/* End PBXSourcesBuildPhase section */

/* Begin PBXVariantGroup section */
		8F7026012061C48C00C25AEB /* Main.storyboard */ = {
			isa = PBXVariantGroup;
			children = (
				8F7026022061C48C00C25AEB /* Base */,
			);
			name = Main.storyboard;
			sourceTree = "<group>";
		};
		8F7026062061C48C00C25AEB /* LaunchScreen.storyboard */ = {
			isa = PBXVariantGroup;
			children = (
				8F7026072061C48C00C25AEB /* Base */,
			);
			name = LaunchScreen.storyboard;
			sourceTree = "<group>";
		};
/* End PBXVariantGroup section */

/* Begin XCBuildConfiguration section */
		8F70260A2061C48C00C25AEB /* Debug */ = {
			isa = XCBuildConfiguration;
			buildSettings = {
				ALWAYS_SEARCH_USER_PATHS = NO;
				CLANG_ANALYZER_NONNULL = YES;
				CLANG_ANALYZER_NUMBER_OBJECT_CONVERSION = YES_AGGRESSIVE;
				CLANG_CXX_LANGUAGE_STANDARD = "gnu++14";
				CLANG_CXX_LIBRARY = "libc++";
				CLANG_ENABLE_MODULES = YES;
				CLANG_ENABLE_OBJC_ARC = YES;
				CLANG_WARN_BLOCK_CAPTURE_AUTORELEASING = YES;
				CLANG_WARN_BOOL_CONVERSION = YES;
				CLANG_WARN_COMMA = YES;
				CLANG_WARN_CONSTANT_CONVERSION = YES;
				CLANG_WARN_DIRECT_OBJC_ISA_USAGE = YES_ERROR;
				CLANG_WARN_DOCUMENTATION_COMMENTS = YES;
				CLANG_WARN_EMPTY_BODY = YES;
				CLANG_WARN_ENUM_CONVERSION = YES;
				CLANG_WARN_INFINITE_RECURSION = YES;
				CLANG_WARN_INT_CONVERSION = YES;
				CLANG_WARN_NON_LITERAL_NULL_CONVERSION = YES;
				CLANG_WARN_OBJC_LITERAL_CONVERSION = YES;
				CLANG_WARN_OBJC_ROOT_CLASS = YES_ERROR;
				CLANG_WARN_RANGE_LOOP_ANALYSIS = YES;
				CLANG_WARN_STRICT_PROTOTYPES = YES;
				CLANG_WARN_SUSPICIOUS_MOVE = YES;
				CLANG_WARN_UNGUARDED_AVAILABILITY = YES_AGGRESSIVE;
				CLANG_WARN_UNREACHABLE_CODE = YES;
				CLANG_WARN__DUPLICATE_METHOD_MATCH = YES;
				CODE_SIGN_IDENTITY = "iPhone Developer";
				COPY_PHASE_STRIP = NO;
				DEBUG_INFORMATION_FORMAT = dwarf;
				ENABLE_STRICT_OBJC_MSGSEND = YES;
				ENABLE_TESTABILITY = YES;
				GCC_C_LANGUAGE_STANDARD = gnu11;
				GCC_DYNAMIC_NO_PIC = NO;
				GCC_NO_COMMON_BLOCKS = YES;
				GCC_OPTIMIZATION_LEVEL = 0;
				GCC_PREPROCESSOR_DEFINITIONS = (
					"DEBUG=1",
					"$(inherited)",
				);
				GCC_WARN_64_TO_32_BIT_CONVERSION = YES;
				GCC_WARN_ABOUT_RETURN_TYPE = YES_ERROR;
				GCC_WARN_UNDECLARED_SELECTOR = YES;
				GCC_WARN_UNINITIALIZED_AUTOS = YES_AGGRESSIVE;
				GCC_WARN_UNUSED_FUNCTION = YES;
				GCC_WARN_UNUSED_VARIABLE = YES;
				IPHONEOS_DEPLOYMENT_TARGET = 11.2;
				MTL_ENABLE_DEBUG_INFO = YES;
				ONLY_ACTIVE_ARCH = YES;
				SDKROOT = iphoneos;
				SWIFT_ACTIVE_COMPILATION_CONDITIONS = DEBUG;
				SWIFT_OPTIMIZATION_LEVEL = "-Onone";
			};
			name = Debug;
		};
		8F70260B2061C48C00C25AEB /* Release */ = {
			isa = XCBuildConfiguration;
			buildSettings = {
				ALWAYS_SEARCH_USER_PATHS = NO;
				CLANG_ANALYZER_NONNULL = YES;
				CLANG_ANALYZER_NUMBER_OBJECT_CONVERSION = YES_AGGRESSIVE;
				CLANG_CXX_LANGUAGE_STANDARD = "gnu++14";
				CLANG_CXX_LIBRARY = "libc++";
				CLANG_ENABLE_MODULES = YES;
				CLANG_ENABLE_OBJC_ARC = YES;
				CLANG_WARN_BLOCK_CAPTURE_AUTORELEASING = YES;
				CLANG_WARN_BOOL_CONVERSION = YES;
				CLANG_WARN_COMMA = YES;
				CLANG_WARN_CONSTANT_CONVERSION = YES;
				CLANG_WARN_DIRECT_OBJC_ISA_USAGE = YES_ERROR;
				CLANG_WARN_DOCUMENTATION_COMMENTS = YES;
				CLANG_WARN_EMPTY_BODY = YES;
				CLANG_WARN_ENUM_CONVERSION = YES;
				CLANG_WARN_INFINITE_RECURSION = YES;
				CLANG_WARN_INT_CONVERSION = YES;
				CLANG_WARN_NON_LITERAL_NULL_CONVERSION = YES;
				CLANG_WARN_OBJC_LITERAL_CONVERSION = YES;
				CLANG_WARN_OBJC_ROOT_CLASS = YES_ERROR;
				CLANG_WARN_RANGE_LOOP_ANALYSIS = YES;
				CLANG_WARN_STRICT_PROTOTYPES = YES;
				CLANG_WARN_SUSPICIOUS_MOVE = YES;
				CLANG_WARN_UNGUARDED_AVAILABILITY = YES_AGGRESSIVE;
				CLANG_WARN_UNREACHABLE_CODE = YES;
				CLANG_WARN__DUPLICATE_METHOD_MATCH = YES;
				CODE_SIGN_IDENTITY = "iPhone Developer";
				COPY_PHASE_STRIP = NO;
				DEBUG_INFORMATION_FORMAT = "dwarf-with-dsym";
				ENABLE_NS_ASSERTIONS = NO;
				ENABLE_STRICT_OBJC_MSGSEND = YES;
				GCC_C_LANGUAGE_STANDARD = gnu11;
				GCC_NO_COMMON_BLOCKS = YES;
				GCC_WARN_64_TO_32_BIT_CONVERSION = YES;
				GCC_WARN_ABOUT_RETURN_TYPE = YES_ERROR;
				GCC_WARN_UNDECLARED_SELECTOR = YES;
				GCC_WARN_UNINITIALIZED_AUTOS = YES_AGGRESSIVE;
				GCC_WARN_UNUSED_FUNCTION = YES;
				GCC_WARN_UNUSED_VARIABLE = YES;
				IPHONEOS_DEPLOYMENT_TARGET = 11.2;
				MTL_ENABLE_DEBUG_INFO = NO;
				SDKROOT = iphoneos;
				SWIFT_OPTIMIZATION_LEVEL = "-Owholemodule";
				VALIDATE_PRODUCT = YES;
			};
			name = Release;
		};
		8F70260D2061C48C00C25AEB /* Debug */ = {
			isa = XCBuildConfiguration;
			baseConfigurationReference = E4906A050C7AA18E8732E9D2 /* Pods-DriveBack.debug.xcconfig */;
			buildSettings = {
				ASSETCATALOG_COMPILER_APPICON_NAME = AppIcon;
				CODE_SIGN_STYLE = Automatic;
				DEVELOPMENT_TEAM = YCDQXE3CNQ;
				INFOPLIST_FILE = DriveBack/Info.plist;
				IPHONEOS_DEPLOYMENT_TARGET = 10;
				LD_RUNPATH_SEARCH_PATHS = "$(inherited) @executable_path/Frameworks";
				PRODUCT_BUNDLE_IDENTIFIER = "mufeez-amjad.DriveBack";
				PRODUCT_NAME = "$(TARGET_NAME)";
				SWIFT_VERSION = 4.0;
				TARGETED_DEVICE_FAMILY = "1,2";
			};
			name = Debug;
		};
		8F70260E2061C48C00C25AEB /* Release */ = {
			isa = XCBuildConfiguration;
			baseConfigurationReference = 9F60DEBE26403A7DAF48AD28 /* Pods-DriveBack.release.xcconfig */;
			buildSettings = {
				ASSETCATALOG_COMPILER_APPICON_NAME = AppIcon;
				CODE_SIGN_STYLE = Automatic;
				DEVELOPMENT_TEAM = YCDQXE3CNQ;
				INFOPLIST_FILE = DriveBack/Info.plist;
				IPHONEOS_DEPLOYMENT_TARGET = 10;
				LD_RUNPATH_SEARCH_PATHS = "$(inherited) @executable_path/Frameworks";
				PRODUCT_BUNDLE_IDENTIFIER = "mufeez-amjad.DriveBack";
				PRODUCT_NAME = "$(TARGET_NAME)";
				SWIFT_VERSION = 4.0;
				TARGETED_DEVICE_FAMILY = "1,2";
			};
			name = Release;
		};
/* End XCBuildConfiguration section */

/* Begin XCConfigurationList section */
		8F7025F52061C48C00C25AEB /* Build configuration list for PBXProject "DriveBack" */ = {
			isa = XCConfigurationList;
			buildConfigurations = (
				8F70260A2061C48C00C25AEB /* Debug */,
				8F70260B2061C48C00C25AEB /* Release */,
			);
			defaultConfigurationIsVisible = 0;
			defaultConfigurationName = Release;
		};
		8F70260C2061C48C00C25AEB /* Build configuration list for PBXNativeTarget "DriveBack" */ = {
			isa = XCConfigurationList;
			buildConfigurations = (
				8F70260D2061C48C00C25AEB /* Debug */,
				8F70260E2061C48C00C25AEB /* Release */,
			);
			defaultConfigurationIsVisible = 0;
			defaultConfigurationName = Release;
		};
/* End XCConfigurationList section */
	};
	rootObject = 8F7025F22061C48C00C25AEB /* Project object */;
}
